// !$*UTF8*$!
{
	archiveVersion = 1;
	classes = {
	};
	objectVersion = 55;
	objects = {

/* Begin PBXBuildFile section */
		6B1D391027785D730043C092 /* AppDelegate.swift in Sources */ = {isa = PBXBuildFile; fileRef = 6B1D390F27785D730043C092 /* AppDelegate.swift */; };
		6B1D391227785D730043C092 /* SceneDelegate.swift in Sources */ = {isa = PBXBuildFile; fileRef = 6B1D391127785D730043C092 /* SceneDelegate.swift */; };
		6B1D391427785D730043C092 /* MainViewController.swift in Sources */ = {isa = PBXBuildFile; fileRef = 6B1D391327785D730043C092 /* MainViewController.swift */; };
		6B1D391727785D730043C092 /* Main.storyboard in Resources */ = {isa = PBXBuildFile; fileRef = 6B1D391527785D730043C092 /* Main.storyboard */; };
		6B1D391927785D750043C092 /* Assets.xcassets in Resources */ = {isa = PBXBuildFile; fileRef = 6B1D391827785D750043C092 /* Assets.xcassets */; };
		6B1D391C27785D750043C092 /* LaunchScreen.storyboard in Resources */ = {isa = PBXBuildFile; fileRef = 6B1D391A27785D750043C092 /* LaunchScreen.storyboard */; };
		6B1D392A277861030043C092 /* MainTableViewCell.swift in Sources */ = {isa = PBXBuildFile; fileRef = 6B1D3929277861030043C092 /* MainTableViewCell.swift */; };
		6B1D392C277869BD0043C092 /* Member.swift in Sources */ = {isa = PBXBuildFile; fileRef = 6B1D392B277869BD0043C092 /* Member.swift */; };
		6B1D392F27786D9F0043C092 /* UIColor+Extension.swift in Sources */ = {isa = PBXBuildFile; fileRef = 6B1D392E27786D9F0043C092 /* UIColor+Extension.swift */; };
		6B1D3931277873360043C092 /* DetailViewController.swift in Sources */ = {isa = PBXBuildFile; fileRef = 6B1D3930277873360043C092 /* DetailViewController.swift */; };
		6B1D3933277873C70043C092 /* CircularImageView.swift in Sources */ = {isa = PBXBuildFile; fileRef = 6B1D3932277873C70043C092 /* CircularImageView.swift */; };
/* End PBXBuildFile section */

/* Begin PBXFileReference section */
		6B1D390C27785D730043C092 /* Pokatsuki.app */ = {isa = PBXFileReference; explicitFileType = wrapper.application; includeInIndex = 0; path = Pokatsuki.app; sourceTree = BUILT_PRODUCTS_DIR; };
		6B1D390F27785D730043C092 /* AppDelegate.swift */ = {isa = PBXFileReference; lastKnownFileType = sourcecode.swift; path = AppDelegate.swift; sourceTree = "<group>"; };
		6B1D391127785D730043C092 /* SceneDelegate.swift */ = {isa = PBXFileReference; lastKnownFileType = sourcecode.swift; path = SceneDelegate.swift; sourceTree = "<group>"; };
		6B1D391327785D730043C092 /* MainViewController.swift */ = {isa = PBXFileReference; lastKnownFileType = sourcecode.swift; path = MainViewController.swift; sourceTree = "<group>"; };
		6B1D391627785D730043C092 /* Base */ = {isa = PBXFileReference; lastKnownFileType = file.storyboard; name = Base; path = Base.lproj/Main.storyboard; sourceTree = "<group>"; };
		6B1D391827785D750043C092 /* Assets.xcassets */ = {isa = PBXFileReference; lastKnownFileType = folder.assetcatalog; path = Assets.xcassets; sourceTree = "<group>"; };
		6B1D391B27785D750043C092 /* Base */ = {isa = PBXFileReference; lastKnownFileType = file.storyboard; name = Base; path = Base.lproj/LaunchScreen.storyboard; sourceTree = "<group>"; };
		6B1D391D27785D750043C092 /* Info.plist */ = {isa = PBXFileReference; lastKnownFileType = text.plist.xml; path = Info.plist; sourceTree = "<group>"; };
		6B1D3929277861030043C092 /* MainTableViewCell.swift */ = {isa = PBXFileReference; lastKnownFileType = sourcecode.swift; path = MainTableViewCell.swift; sourceTree = "<group>"; };
		6B1D392B277869BD0043C092 /* Member.swift */ = {isa = PBXFileReference; lastKnownFileType = sourcecode.swift; path = Member.swift; sourceTree = "<group>"; };
		6B1D392E27786D9F0043C092 /* UIColor+Extension.swift */ = {isa = PBXFileReference; lastKnownFileType = sourcecode.swift; path = "UIColor+Extension.swift"; sourceTree = "<group>"; };
		6B1D3930277873360043C092 /* DetailViewController.swift */ = {isa = PBXFileReference; lastKnownFileType = sourcecode.swift; path = DetailViewController.swift; sourceTree = "<group>"; };
		6B1D3932277873C70043C092 /* CircularImageView.swift */ = {isa = PBXFileReference; lastKnownFileType = sourcecode.swift; path = CircularImageView.swift; sourceTree = "<group>"; };
/* End PBXFileReference section */

/* Begin PBXFrameworksBuildPhase section */
		6B1D390927785D730043C092 /* Frameworks */ = {
			isa = PBXFrameworksBuildPhase;
			buildActionMask = 2147483647;
			files = (
			);
			runOnlyForDeploymentPostprocessing = 0;
		};
/* End PBXFrameworksBuildPhase section */

/* Begin PBXGroup section */
		6B1D390327785D730043C092 = {
			isa = PBXGroup;
			children = (
				6B1D390E27785D730043C092 /* Pokatsuki */,
				6B1D390D27785D730043C092 /* Products */,
			);
			sourceTree = "<group>";
		};
		6B1D390D27785D730043C092 /* Products */ = {
			isa = PBXGroup;
			children = (
				6B1D390C27785D730043C092 /* Pokatsuki.app */,
			);
			name = Products;
			sourceTree = "<group>";
		};
		6B1D390E27785D730043C092 /* Pokatsuki */ = {
			isa = PBXGroup;
			children = (
				6B1D392327785D7D0043C092 /* App Lifecycle */,
				6B1D392427785D850043C092 /* Model */,
				6B1D392527785D890043C092 /* View */,
				6B1D392627785D8E0043C092 /* Controller */,
				6B1D392727785D9E0043C092 /* Storyboard */,
				6B1D392D27786D8D0043C092 /* Extension */,
				6B1D392827785DAE0043C092 /* Resources */,
			);
			path = Pokatsuki;
			sourceTree = "<group>";
		};
		6B1D392327785D7D0043C092 /* App Lifecycle */ = {
			isa = PBXGroup;
			children = (
				6B1D390F27785D730043C092 /* AppDelegate.swift */,
				6B1D391127785D730043C092 /* SceneDelegate.swift */,
			);
			path = "App Lifecycle";
			sourceTree = "<group>";
		};
		6B1D392427785D850043C092 /* Model */ = {
			isa = PBXGroup;
			children = (
				6B1D392B277869BD0043C092 /* Member.swift */,
			);
			path = Model;
			sourceTree = "<group>";
		};
		6B1D392527785D890043C092 /* View */ = {
			isa = PBXGroup;
			children = (
				6B1D3929277861030043C092 /* MainTableViewCell.swift */,
				6B1D3932277873C70043C092 /* CircularImageView.swift */,
			);
			path = View;
			sourceTree = "<group>";
		};
		6B1D392627785D8E0043C092 /* Controller */ = {
			isa = PBXGroup;
			children = (
				6B1D391327785D730043C092 /* MainViewController.swift */,
				6B1D3930277873360043C092 /* DetailViewController.swift */,
			);
			path = Controller;
			sourceTree = "<group>";
		};
		6B1D392727785D9E0043C092 /* Storyboard */ = {
			isa = PBXGroup;
			children = (
				6B1D391527785D730043C092 /* Main.storyboard */,
				6B1D391A27785D750043C092 /* LaunchScreen.storyboard */,
			);
			path = Storyboard;
			sourceTree = "<group>";
		};
		6B1D392827785DAE0043C092 /* Resources */ = {
			isa = PBXGroup;
			children = (
				6B1D391827785D750043C092 /* Assets.xcassets */,
				6B1D391D27785D750043C092 /* Info.plist */,
			);
			path = Resources;
			sourceTree = "<group>";
		};
		6B1D392D27786D8D0043C092 /* Extension */ = {
			isa = PBXGroup;
			children = (
				6B1D392E27786D9F0043C092 /* UIColor+Extension.swift */,
			);
			path = Extension;
			sourceTree = "<group>";
		};
/* End PBXGroup section */

/* Begin PBXNativeTarget section */
		6B1D390B27785D730043C092 /* Pokatsuki */ = {
			isa = PBXNativeTarget;
			buildConfigurationList = 6B1D392027785D750043C092 /* Build configuration list for PBXNativeTarget "Pokatsuki" */;
			buildPhases = (
				6B1D390827785D730043C092 /* Sources */,
				6B1D390927785D730043C092 /* Frameworks */,
				6B1D390A27785D730043C092 /* Resources */,
			);
			buildRules = (
			);
			dependencies = (
			);
			name = Pokatsuki;
			productName = Pokatsuki;
			productReference = 6B1D390C27785D730043C092 /* Pokatsuki.app */;
			productType = "com.apple.product-type.application";
		};
/* End PBXNativeTarget section */

/* Begin PBXProject section */
		6B1D390427785D730043C092 /* Project object */ = {
			isa = PBXProject;
			attributes = {
				BuildIndependentTargetsInParallel = 1;
				LastSwiftUpdateCheck = 1320;
				LastUpgradeCheck = 1320;
				TargetAttributes = {
					6B1D390B27785D730043C092 = {
						CreatedOnToolsVersion = 13.2;
					};
				};
			};
			buildConfigurationList = 6B1D390727785D730043C092 /* Build configuration list for PBXProject "Pokatsuki" */;
			compatibilityVersion = "Xcode 13.0";
			developmentRegion = en;
			hasScannedForEncodings = 0;
			knownRegions = (
				en,
				Base,
			);
			mainGroup = 6B1D390327785D730043C092;
			productRefGroup = 6B1D390D27785D730043C092 /* Products */;
			projectDirPath = "";
			projectRoot = "";
			targets = (
				6B1D390B27785D730043C092 /* Pokatsuki */,
			);
		};
/* End PBXProject section */

/* Begin PBXResourcesBuildPhase section */
		6B1D390A27785D730043C092 /* Resources */ = {
			isa = PBXResourcesBuildPhase;
			buildActionMask = 2147483647;
			files = (
				6B1D391C27785D750043C092 /* LaunchScreen.storyboard in Resources */,
				6B1D391927785D750043C092 /* Assets.xcassets in Resources */,
				6B1D391727785D730043C092 /* Main.storyboard in Resources */,
			);
			runOnlyForDeploymentPostprocessing = 0;
		};
/* End PBXResourcesBuildPhase section */

/* Begin PBXSourcesBuildPhase section */
		6B1D390827785D730043C092 /* Sources */ = {
			isa = PBXSourcesBuildPhase;
			buildActionMask = 2147483647;
			files = (
				6B1D391427785D730043C092 /* MainViewController.swift in Sources */,
				6B1D391027785D730043C092 /* AppDelegate.swift in Sources */,
				6B1D392A277861030043C092 /* MainTableViewCell.swift in Sources */,
				6B1D392F27786D9F0043C092 /* UIColor+Extension.swift in Sources */,
				6B1D391227785D730043C092 /* SceneDelegate.swift in Sources */,
				6B1D3933277873C70043C092 /* CircularImageView.swift in Sources */,
				6B1D392C277869BD0043C092 /* Member.swift in Sources */,
				6B1D3931277873360043C092 /* DetailViewController.swift in Sources */,
			);
			runOnlyForDeploymentPostprocessing = 0;
		};
/* End PBXSourcesBuildPhase section */

/* Begin PBXVariantGroup section */
		6B1D391527785D730043C092 /* Main.storyboard */ = {
			isa = PBXVariantGroup;
			children = (
				6B1D391627785D730043C092 /* Base */,
			);
			name = Main.storyboard;
			sourceTree = "<group>";
		};
		6B1D391A27785D750043C092 /* LaunchScreen.storyboard */ = {
			isa = PBXVariantGroup;
			children = (
				6B1D391B27785D750043C092 /* Base */,
			);
			name = LaunchScreen.storyboard;
			sourceTree = "<group>";
		};
/* End PBXVariantGroup section */

/* Begin XCBuildConfiguration section */
		6B1D391E27785D750043C092 /* Debug */ = {
			isa = XCBuildConfiguration;
			buildSettings = {
				ALWAYS_SEARCH_USER_PATHS = NO;
				CLANG_ANALYZER_NONNULL = YES;
				CLANG_ANALYZER_NUMBER_OBJECT_CONVERSION = YES_AGGRESSIVE;
				CLANG_CXX_LANGUAGE_STANDARD = "gnu++17";
				CLANG_CXX_LIBRARY = "libc++";
				CLANG_ENABLE_MODULES = YES;
				CLANG_ENABLE_OBJC_ARC = YES;
				CLANG_ENABLE_OBJC_WEAK = YES;
				CLANG_WARN_BLOCK_CAPTURE_AUTORELEASING = YES;
				CLANG_WARN_BOOL_CONVERSION = YES;
				CLANG_WARN_COMMA = YES;
				CLANG_WARN_CONSTANT_CONVERSION = YES;
				CLANG_WARN_DEPRECATED_OBJC_IMPLEMENTATIONS = YES;
				CLANG_WARN_DIRECT_OBJC_ISA_USAGE = YES_ERROR;
				CLANG_WARN_DOCUMENTATION_COMMENTS = YES;
				CLANG_WARN_EMPTY_BODY = YES;
				CLANG_WARN_ENUM_CONVERSION = YES;
				CLANG_WARN_INFINITE_RECURSION = YES;
				CLANG_WARN_INT_CONVERSION = YES;
				CLANG_WARN_NON_LITERAL_NULL_CONVERSION = YES;
				CLANG_WARN_OBJC_IMPLICIT_RETAIN_SELF = YES;
				CLANG_WARN_OBJC_LITERAL_CONVERSION = YES;
				CLANG_WARN_OBJC_ROOT_CLASS = YES_ERROR;
				CLANG_WARN_QUOTED_INCLUDE_IN_FRAMEWORK_HEADER = YES;
				CLANG_WARN_RANGE_LOOP_ANALYSIS = YES;
				CLANG_WARN_STRICT_PROTOTYPES = YES;
				CLANG_WARN_SUSPICIOUS_MOVE = YES;
				CLANG_WARN_UNGUARDED_AVAILABILITY = YES_AGGRESSIVE;
				CLANG_WARN_UNREACHABLE_CODE = YES;
				CLANG_WARN__DUPLICATE_METHOD_MATCH = YES;
				COPY_PHASE_STRIP = NO;
				DEBUG_INFORMATION_FORMAT = dwarf;
				ENABLE_STRICT_OBJC_MSGSEND = YES;
				ENABLE_TESTABILITY = YES;
				GCC_C_LANGUAGE_STANDARD = gnu11;
				GCC_DYNAMIC_NO_PIC = NO;
				GCC_NO_COMMON_BLOCKS = YES;
				GCC_OPTIMIZATION_LEVEL = 0;
				GCC_PREPROCESSOR_DEFINITIONS = (
					"DEBUG=1",
					"$(inherited)",
				);
				GCC_WARN_64_TO_32_BIT_CONVERSION = YES;
				GCC_WARN_ABOUT_RETURN_TYPE = YES_ERROR;
				GCC_WARN_UNDECLARED_SELECTOR = YES;
				GCC_WARN_UNINITIALIZED_AUTOS = YES_AGGRESSIVE;
				GCC_WARN_UNUSED_FUNCTION = YES;
				GCC_WARN_UNUSED_VARIABLE = YES;
				IPHONEOS_DEPLOYMENT_TARGET = 15.2;
				MTL_ENABLE_DEBUG_INFO = INCLUDE_SOURCE;
				MTL_FAST_MATH = YES;
				ONLY_ACTIVE_ARCH = YES;
				SDKROOT = iphoneos;
				SWIFT_ACTIVE_COMPILATION_CONDITIONS = DEBUG;
				SWIFT_OPTIMIZATION_LEVEL = "-Onone";
			};
			name = Debug;
		};
		6B1D391F27785D750043C092 /* Release */ = {
			isa = XCBuildConfiguration;
			buildSettings = {
				ALWAYS_SEARCH_USER_PATHS = NO;
				CLANG_ANALYZER_NONNULL = YES;
				CLANG_ANALYZER_NUMBER_OBJECT_CONVERSION = YES_AGGRESSIVE;
				CLANG_CXX_LANGUAGE_STANDARD = "gnu++17";
				CLANG_CXX_LIBRARY = "libc++";
				CLANG_ENABLE_MODULES = YES;
				CLANG_ENABLE_OBJC_ARC = YES;
				CLANG_ENABLE_OBJC_WEAK = YES;
				CLANG_WARN_BLOCK_CAPTURE_AUTORELEASING = YES;
				CLANG_WARN_BOOL_CONVERSION = YES;
				CLANG_WARN_COMMA = YES;
				CLANG_WARN_CONSTANT_CONVERSION = YES;
				CLANG_WARN_DEPRECATED_OBJC_IMPLEMENTATIONS = YES;
				CLANG_WARN_DIRECT_OBJC_ISA_USAGE = YES_ERROR;
				CLANG_WARN_DOCUMENTATION_COMMENTS = YES;
				CLANG_WARN_EMPTY_BODY = YES;
				CLANG_WARN_ENUM_CONVERSION = YES;
				CLANG_WARN_INFINITE_RECURSION = YES;
				CLANG_WARN_INT_CONVERSION = YES;
				CLANG_WARN_NON_LITERAL_NULL_CONVERSION = YES;
				CLANG_WARN_OBJC_IMPLICIT_RETAIN_SELF = YES;
				CLANG_WARN_OBJC_LITERAL_CONVERSION = YES;
				CLANG_WARN_OBJC_ROOT_CLASS = YES_ERROR;
				CLANG_WARN_QUOTED_INCLUDE_IN_FRAMEWORK_HEADER = YES;
				CLANG_WARN_RANGE_LOOP_ANALYSIS = YES;
				CLANG_WARN_STRICT_PROTOTYPES = YES;
				CLANG_WARN_SUSPICIOUS_MOVE = YES;
				CLANG_WARN_UNGUARDED_AVAILABILITY = YES_AGGRESSIVE;
				CLANG_WARN_UNREACHABLE_CODE = YES;
				CLANG_WARN__DUPLICATE_METHOD_MATCH = YES;
				COPY_PHASE_STRIP = NO;
				DEBUG_INFORMATION_FORMAT = "dwarf-with-dsym";
				ENABLE_NS_ASSERTIONS = NO;
				ENABLE_STRICT_OBJC_MSGSEND = YES;
				GCC_C_LANGUAGE_STANDARD = gnu11;
				GCC_NO_COMMON_BLOCKS = YES;
				GCC_WARN_64_TO_32_BIT_CONVERSION = YES;
				GCC_WARN_ABOUT_RETURN_TYPE = YES_ERROR;
				GCC_WARN_UNDECLARED_SELECTOR = YES;
				GCC_WARN_UNINITIALIZED_AUTOS = YES_AGGRESSIVE;
				GCC_WARN_UNUSED_FUNCTION = YES;
				GCC_WARN_UNUSED_VARIABLE = YES;
				IPHONEOS_DEPLOYMENT_TARGET = 15.2;
				MTL_ENABLE_DEBUG_INFO = NO;
				MTL_FAST_MATH = YES;
				SDKROOT = iphoneos;
				SWIFT_COMPILATION_MODE = wholemodule;
				SWIFT_OPTIMIZATION_LEVEL = "-O";
				VALIDATE_PRODUCT = YES;
			};
			name = Release;
		};
		6B1D392127785D750043C092 /* Debug */ = {
			isa = XCBuildConfiguration;
			buildSettings = {
				ASSETCATALOG_COMPILER_APPICON_NAME = AppIcon;
				ASSETCATALOG_COMPILER_GLOBAL_ACCENT_COLOR_NAME = AccentColor;
				CODE_SIGN_STYLE = Automatic;
				CURRENT_PROJECT_VERSION = 1;
				DEVELOPMENT_TEAM = 8M99DT962T;
				GENERATE_INFOPLIST_FILE = YES;
				INFOPLIST_FILE = Pokatsuki/Resources/Info.plist;
				INFOPLIST_KEY_UIApplicationSupportsIndirectInputEvents = YES;
				INFOPLIST_KEY_UILaunchStoryboardName = LaunchScreen;
				INFOPLIST_KEY_UIMainStoryboardFile = Main;
				INFOPLIST_KEY_UISupportedInterfaceOrientations_iPad = "UIInterfaceOrientationPortrait UIInterfaceOrientationPortraitUpsideDown UIInterfaceOrientationLandscapeLeft UIInterfaceOrientationLandscapeRight";
				INFOPLIST_KEY_UISupportedInterfaceOrientations_iPhone = "UIInterfaceOrientationPortrait UIInterfaceOrientationLandscapeLeft UIInterfaceOrientationLandscapeRight";
				LD_RUNPATH_SEARCH_PATHS = (
					"$(inherited)",
					"@executable_path/Frameworks",
				);
				MARKETING_VERSION = 1.0;
				PRODUCT_BUNDLE_IDENTIFIER = com.jt0504.Pokatsuki;
				PRODUCT_NAME = "$(TARGET_NAME)";
				SWIFT_EMIT_LOC_STRINGS = YES;
				SWIFT_VERSION = 5.0;
				TARGETED_DEVICE_FAMILY = "1,2";
			};
			name = Debug;
		};
		6B1D392227785D750043C092 /* Release */ = {
			isa = XCBuildConfiguration;
			buildSettings = {
				ASSETCATALOG_COMPILER_APPICON_NAME = AppIcon;
				ASSETCATALOG_COMPILER_GLOBAL_ACCENT_COLOR_NAME = AccentColor;
				CODE_SIGN_STYLE = Automatic;
				CURRENT_PROJECT_VERSION = 1;
				DEVELOPMENT_TEAM = 8M99DT962T;
				GENERATE_INFOPLIST_FILE = YES;
				INFOPLIST_FILE = Pokatsuki/Resources/Info.plist;
				INFOPLIST_KEY_UIApplicationSupportsIndirectInputEvents = YES;
				INFOPLIST_KEY_UILaunchStoryboardName = LaunchScreen;
				INFOPLIST_KEY_UIMainStoryboardFile = Main;
				INFOPLIST_KEY_UISupportedInterfaceOrientations_iPad = "UIInterfaceOrientationPortrait UIInterfaceOrientationPortraitUpsideDown UIInterfaceOrientationLandscapeLeft UIInterfaceOrientationLandscapeRight";
				INFOPLIST_KEY_UISupportedInterfaceOrientations_iPhone = "UIInterfaceOrientationPortrait UIInterfaceOrientationLandscapeLeft UIInterfaceOrientationLandscapeRight";
				LD_RUNPATH_SEARCH_PATHS = (
					"$(inherited)",
					"@executable_path/Frameworks",
				);
				MARKETING_VERSION = 1.0;
				PRODUCT_BUNDLE_IDENTIFIER = com.jt0504.Pokatsuki;
				PRODUCT_NAME = "$(TARGET_NAME)";
				SWIFT_EMIT_LOC_STRINGS = YES;
				SWIFT_VERSION = 5.0;
				TARGETED_DEVICE_FAMILY = "1,2";
			};
			name = Release;
		};
/* End XCBuildConfiguration section */

/* Begin XCConfigurationList section */
		6B1D390727785D730043C092 /* Build configuration list for PBXProject "Pokatsuki" */ = {
			isa = XCConfigurationList;
			buildConfigurations = (
				6B1D391E27785D750043C092 /* Debug */,
				6B1D391F27785D750043C092 /* Release */,
			);
			defaultConfigurationIsVisible = 0;
			defaultConfigurationName = Release;
		};
		6B1D392027785D750043C092 /* Build configuration list for PBXNativeTarget "Pokatsuki" */ = {
			isa = XCConfigurationList;
			buildConfigurations = (
				6B1D392127785D750043C092 /* Debug */,
				6B1D392227785D750043C092 /* Release */,
			);
			defaultConfigurationIsVisible = 0;
			defaultConfigurationName = Release;
		};
/* End XCConfigurationList section */
	};
	rootObject = 6B1D390427785D730043C092 /* Project object */;
}
